
Microsoft Visual Studio Solution File, Format Version 12.00
# Visual Studio Version 16
VisualStudioVersion = 16.0.29509.3
MinimumVisualStudioVersion = 10.0.40219.1
Project("{FAE04EC0-301F-11D3-BF4B-00C04F79EFBC}") = "Website", "Website\Website.csproj", "{94EC8DD2-910E-43DC-A9EF-0D110C944383}"
EndProject
Project("{FAE04EC0-301F-11D3-BF4B-00C04F79EFBC}") = "Website.Tests", "Website.Tests\Website.Tests.csproj", "{52309E54-C9AB-475C-94D7-EDA03CD28741}"
EndProject
Project("{FAE04EC0-301F-11D3-BF4B-00C04F79EFBC}") = "Repository", "Repository\Repository.csproj", "{110DB6A5-475B-4657-9A41-04009B9A1BF8}"
EndProject
Project("{FAE04EC0-301F-11D3-BF4B-00C04F79EFBC}") = "Services", "Services\Services.csproj", "{82523E74-99F3-4F00-95B8-B9CD2A70EF01}"
EndProject
Project("{FAE04EC0-301F-11D3-BF4B-00C04F79EFBC}") = "Models", "..\..\TopcoderStarterPacks\TopcoderStarterPacks\Models\Models.csproj", "{11D04544-DFDF-4411-9BB3-71FB15596A0A}"
EndProject
Global
	GlobalSection(SolutionConfigurationPlatforms) = preSolution
		Debug|Any CPU = Debug|Any CPU
		Release|Any CPU = Release|Any CPU
	EndGlobalSection
	GlobalSection(ProjectConfigurationPlatforms) = postSolution
		{94EC8DD2-910E-43DC-A9EF-0D110C944383}.Debug|Any CPU.ActiveCfg = Debug|Any CPU
		{94EC8DD2-910E-43DC-A9EF-0D110C944383}.Debug|Any CPU.Build.0 = Debug|Any CPU
		{94EC8DD2-910E-43DC-A9EF-0D110C944383}.Release|Any CPU.ActiveCfg = Release|Any CPU
		{94EC8DD2-910E-43DC-A9EF-0D110C944383}.Release|Any CPU.Build.0 = Release|Any CPU
		{52309E54-C9AB-475C-94D7-EDA03CD28741}.Debug|Any CPU.ActiveCfg = Debug|Any CPU
		{52309E54-C9AB-475C-94D7-EDA03CD28741}.Debug|Any CPU.Build.0 = Debug|Any CPU
		{52309E54-C9AB-475C-94D7-EDA03CD28741}.Release|Any CPU.ActiveCfg = Release|Any CPU
		{52309E54-C9AB-475C-94D7-EDA03CD28741}.Release|Any CPU.Build.0 = Release|Any CPU
		{110DB6A5-475B-4657-9A41-04009B9A1BF8}.Debug|Any CPU.ActiveCfg = Debug|Any CPU
		{110DB6A5-475B-4657-9A41-04009B9A1BF8}.Debug|Any CPU.Build.0 = Debug|Any CPU
		{110DB6A5-475B-4657-9A41-04009B9A1BF8}.Release|Any CPU.ActiveCfg = Release|Any CPU
		{110DB6A5-475B-4657-9A41-04009B9A1BF8}.Release|Any CPU.Build.0 = Release|Any CPU
		{82523E74-99F3-4F00-95B8-B9CD2A70EF01}.Debug|Any CPU.ActiveCfg = Debug|Any CPU
		{82523E74-99F3-4F00-95B8-B9CD2A70EF01}.Debug|Any CPU.Build.0 = Debug|Any CPU
		{82523E74-99F3-4F00-95B8-B9CD2A70EF01}.Release|Any CPU.ActiveCfg = Release|Any CPU
		{82523E74-99F3-4F00-95B8-B9CD2A70EF01}.Release|Any CPU.Build.0 = Release|Any CPU
		{11D04544-DFDF-4411-9BB3-71FB15596A0A}.Debug|Any CPU.ActiveCfg = Debug|Any CPU
		{11D04544-DFDF-4411-9BB3-71FB15596A0A}.Debug|Any CPU.Build.0 = Debug|Any CPU
		{11D04544-DFDF-4411-9BB3-71FB15596A0A}.Release|Any CPU.ActiveCfg = Release|Any CPU
		{11D04544-DFDF-4411-9BB3-71FB15596A0A}.Release|Any CPU.Build.0 = Release|Any CPU
	EndGlobalSection
	GlobalSection(SolutionProperties) = preSolution
		HideSolutionNode = FALSE
	EndGlobalSection
	GlobalSection(ExtensibilityGlobals) = postSolution
		SolutionGuid = {3ECBE141-15CA-4310-87FD-574EB97B5844}
	EndGlobalSection
EndGlobal
